// !$*UTF8*$!
{
	archiveVersion = 1;
	classes = {
	};
	objectVersion = 48;
	objects = {

/* Begin PBXBuildFile section */
		81D95E711FE30CF10062E9C9 /* AppDelegate.swift in Sources */ = {isa = PBXBuildFile; fileRef = 81D95E701FE30CF10062E9C9 /* AppDelegate.swift */; };
		81D95E731FE30CF10062E9C9 /* MoviesViewController.swift in Sources */ = {isa = PBXBuildFile; fileRef = 81D95E721FE30CF10062E9C9 /* MoviesViewController.swift */; };
		81D95E761FE30CF10062E9C9 /* Main.storyboard in Resources */ = {isa = PBXBuildFile; fileRef = 81D95E741FE30CF10062E9C9 /* Main.storyboard */; };
		81D95E781FE30CF10062E9C9 /* Assets.xcassets in Resources */ = {isa = PBXBuildFile; fileRef = 81D95E771FE30CF10062E9C9 /* Assets.xcassets */; };
		81D95E7B1FE30CF10062E9C9 /* LaunchScreen.storyboard in Resources */ = {isa = PBXBuildFile; fileRef = 81D95E791FE30CF10062E9C9 /* LaunchScreen.storyboard */; };
		81D95E861FE30CF10062E9C9 /* NYT_Movie_ReviewsTests.swift in Sources */ = {isa = PBXBuildFile; fileRef = 81D95E851FE30CF10062E9C9 /* NYT_Movie_ReviewsTests.swift */; };
		81D95E911FE30CF10062E9C9 /* NYT_Movie_ReviewsUITests.swift in Sources */ = {isa = PBXBuildFile; fileRef = 81D95E901FE30CF10062E9C9 /* NYT_Movie_ReviewsUITests.swift */; };
		81D95EA21FE30D6D0062E9C9 /* AppError.swift in Sources */ = {isa = PBXBuildFile; fileRef = 81D95EA11FE30D6D0062E9C9 /* AppError.swift */; };
		81D95EA41FE30DAF0062E9C9 /* NetworkHelper.swift in Sources */ = {isa = PBXBuildFile; fileRef = 81D95EA31FE30DAF0062E9C9 /* NetworkHelper.swift */; };
		81D95EA61FE30E800062E9C9 /* Movie.swift in Sources */ = {isa = PBXBuildFile; fileRef = 81D95EA51FE30E800062E9C9 /* Movie.swift */; };
		81D95EA81FE3174B0062E9C9 /* MoviesAPIClient.swift in Sources */ = {isa = PBXBuildFile; fileRef = 81D95EA71FE3174B0062E9C9 /* MoviesAPIClient.swift */; };
		81D95EAA1FE3190A0062E9C9 /* MovieTableViewCell.swift in Sources */ = {isa = PBXBuildFile; fileRef = 81D95EA91FE3190A0062E9C9 /* MovieTableViewCell.swift */; };
		81D95EAC1FE3191E0062E9C9 /* MoviesViewController+Extension.swift in Sources */ = {isa = PBXBuildFile; fileRef = 81D95EAB1FE3191E0062E9C9 /* MoviesViewController+Extension.swift */; };
		81D95EAE1FE323410062E9C9 /* MoviesCollectionViewCell.swift in Sources */ = {isa = PBXBuildFile; fileRef = 81D95EAD1FE323410062E9C9 /* MoviesCollectionViewCell.swift */; };
/* End PBXBuildFile section */

/* Begin PBXContainerItemProxy section */
		81D95E821FE30CF10062E9C9 /* PBXContainerItemProxy */ = {
			isa = PBXContainerItemProxy;
			containerPortal = 81D95E651FE30CF10062E9C9 /* Project object */;
			proxyType = 1;
			remoteGlobalIDString = 81D95E6C1FE30CF10062E9C9;
			remoteInfo = "NYT Movie Reviews";
		};
		81D95E8D1FE30CF10062E9C9 /* PBXContainerItemProxy */ = {
			isa = PBXContainerItemProxy;
			containerPortal = 81D95E651FE30CF10062E9C9 /* Project object */;
			proxyType = 1;
			remoteGlobalIDString = 81D95E6C1FE30CF10062E9C9;
			remoteInfo = "NYT Movie Reviews";
		};
/* End PBXContainerItemProxy section */

/* Begin PBXFileReference section */
		81D95E6D1FE30CF10062E9C9 /* NYT Movie Reviews.app */ = {isa = PBXFileReference; explicitFileType = wrapper.application; includeInIndex = 0; path = "NYT Movie Reviews.app"; sourceTree = BUILT_PRODUCTS_DIR; };
		81D95E701FE30CF10062E9C9 /* AppDelegate.swift */ = {isa = PBXFileReference; lastKnownFileType = sourcecode.swift; path = AppDelegate.swift; sourceTree = "<group>"; };
		81D95E721FE30CF10062E9C9 /* MoviesViewController.swift */ = {isa = PBXFileReference; lastKnownFileType = sourcecode.swift; path = MoviesViewController.swift; sourceTree = "<group>"; };
		81D95E751FE30CF10062E9C9 /* Base */ = {isa = PBXFileReference; lastKnownFileType = file.storyboard; name = Base; path = Base.lproj/Main.storyboard; sourceTree = "<group>"; };
		81D95E771FE30CF10062E9C9 /* Assets.xcassets */ = {isa = PBXFileReference; lastKnownFileType = folder.assetcatalog; path = Assets.xcassets; sourceTree = "<group>"; };
		81D95E7A1FE30CF10062E9C9 /* Base */ = {isa = PBXFileReference; lastKnownFileType = file.storyboard; name = Base; path = Base.lproj/LaunchScreen.storyboard; sourceTree = "<group>"; };
		81D95E7C1FE30CF10062E9C9 /* Info.plist */ = {isa = PBXFileReference; lastKnownFileType = text.plist.xml; path = Info.plist; sourceTree = "<group>"; };
		81D95E811FE30CF10062E9C9 /* NYT Movie ReviewsTests.xctest */ = {isa = PBXFileReference; explicitFileType = wrapper.cfbundle; includeInIndex = 0; path = "NYT Movie ReviewsTests.xctest"; sourceTree = BUILT_PRODUCTS_DIR; };
		81D95E851FE30CF10062E9C9 /* NYT_Movie_ReviewsTests.swift */ = {isa = PBXFileReference; lastKnownFileType = sourcecode.swift; path = NYT_Movie_ReviewsTests.swift; sourceTree = "<group>"; };
		81D95E871FE30CF10062E9C9 /* Info.plist */ = {isa = PBXFileReference; lastKnownFileType = text.plist.xml; path = Info.plist; sourceTree = "<group>"; };
		81D95E8C1FE30CF10062E9C9 /* NYT Movie ReviewsUITests.xctest */ = {isa = PBXFileReference; explicitFileType = wrapper.cfbundle; includeInIndex = 0; path = "NYT Movie ReviewsUITests.xctest"; sourceTree = BUILT_PRODUCTS_DIR; };
		81D95E901FE30CF10062E9C9 /* NYT_Movie_ReviewsUITests.swift */ = {isa = PBXFileReference; lastKnownFileType = sourcecode.swift; path = NYT_Movie_ReviewsUITests.swift; sourceTree = "<group>"; };
		81D95E921FE30CF20062E9C9 /* Info.plist */ = {isa = PBXFileReference; lastKnownFileType = text.plist.xml; path = Info.plist; sourceTree = "<group>"; };
		81D95EA11FE30D6D0062E9C9 /* AppError.swift */ = {isa = PBXFileReference; lastKnownFileType = sourcecode.swift; path = AppError.swift; sourceTree = "<group>"; };
		81D95EA31FE30DAF0062E9C9 /* NetworkHelper.swift */ = {isa = PBXFileReference; lastKnownFileType = sourcecode.swift; path = NetworkHelper.swift; sourceTree = "<group>"; };
		81D95EA51FE30E800062E9C9 /* Movie.swift */ = {isa = PBXFileReference; lastKnownFileType = sourcecode.swift; path = Movie.swift; sourceTree = "<group>"; };
		81D95EA71FE3174B0062E9C9 /* MoviesAPIClient.swift */ = {isa = PBXFileReference; lastKnownFileType = sourcecode.swift; path = MoviesAPIClient.swift; sourceTree = "<group>"; };
		81D95EA91FE3190A0062E9C9 /* MovieTableViewCell.swift */ = {isa = PBXFileReference; lastKnownFileType = sourcecode.swift; path = MovieTableViewCell.swift; sourceTree = "<group>"; };
		81D95EAB1FE3191E0062E9C9 /* MoviesViewController+Extension.swift */ = {isa = PBXFileReference; lastKnownFileType = sourcecode.swift; path = "MoviesViewController+Extension.swift"; sourceTree = "<group>"; };
		81D95EAD1FE323410062E9C9 /* MoviesCollectionViewCell.swift */ = {isa = PBXFileReference; lastKnownFileType = sourcecode.swift; path = MoviesCollectionViewCell.swift; sourceTree = "<group>"; };
/* End PBXFileReference section */

/* Begin PBXFrameworksBuildPhase section */
		81D95E6A1FE30CF10062E9C9 /* Frameworks */ = {
			isa = PBXFrameworksBuildPhase;
			buildActionMask = 2147483647;
			files = (
			);
			runOnlyForDeploymentPostprocessing = 0;
		};
		81D95E7E1FE30CF10062E9C9 /* Frameworks */ = {
			isa = PBXFrameworksBuildPhase;
			buildActionMask = 2147483647;
			files = (
			);
			runOnlyForDeploymentPostprocessing = 0;
		};
		81D95E891FE30CF10062E9C9 /* Frameworks */ = {
			isa = PBXFrameworksBuildPhase;
			buildActionMask = 2147483647;
			files = (
			);
			runOnlyForDeploymentPostprocessing = 0;
		};
/* End PBXFrameworksBuildPhase section */

/* Begin PBXGroup section */
		81D95E641FE30CF10062E9C9 = {
			isa = PBXGroup;
			children = (
				81D95E6F1FE30CF10062E9C9 /* NYT Movie Reviews */,
				81D95E841FE30CF10062E9C9 /* NYT Movie ReviewsTests */,
				81D95E8F1FE30CF10062E9C9 /* NYT Movie ReviewsUITests */,
				81D95E6E1FE30CF10062E9C9 /* Products */,
			);
			sourceTree = "<group>";
		};
		81D95E6E1FE30CF10062E9C9 /* Products */ = {
			isa = PBXGroup;
			children = (
				81D95E6D1FE30CF10062E9C9 /* NYT Movie Reviews.app */,
				81D95E811FE30CF10062E9C9 /* NYT Movie ReviewsTests.xctest */,
				81D95E8C1FE30CF10062E9C9 /* NYT Movie ReviewsUITests.xctest */,
			);
			name = Products;
			sourceTree = "<group>";
		};
		81D95E6F1FE30CF10062E9C9 /* NYT Movie Reviews */ = {
			isa = PBXGroup;
			children = (
				81D95E741FE30CF10062E9C9 /* Main.storyboard */,
				81D95EA01FE30D250062E9C9 /* Models */,
				81D95E9F1FE30D1A0062E9C9 /* View Controllers */,
				81D95E9E1FE30CF80062E9C9 /* Supporting Files */,
				81D95E7C1FE30CF10062E9C9 /* Info.plist */,
			);
			path = "NYT Movie Reviews";
			sourceTree = "<group>";
		};
		81D95E841FE30CF10062E9C9 /* NYT Movie ReviewsTests */ = {
			isa = PBXGroup;
			children = (
				81D95E851FE30CF10062E9C9 /* NYT_Movie_ReviewsTests.swift */,
				81D95E871FE30CF10062E9C9 /* Info.plist */,
			);
			path = "NYT Movie ReviewsTests";
			sourceTree = "<group>";
		};
		81D95E8F1FE30CF10062E9C9 /* NYT Movie ReviewsUITests */ = {
			isa = PBXGroup;
			children = (
				81D95E901FE30CF10062E9C9 /* NYT_Movie_ReviewsUITests.swift */,
				81D95E921FE30CF20062E9C9 /* Info.plist */,
			);
			path = "NYT Movie ReviewsUITests";
			sourceTree = "<group>";
		};
		81D95E9E1FE30CF80062E9C9 /* Supporting Files */ = {
			isa = PBXGroup;
			children = (
				81D95E701FE30CF10062E9C9 /* AppDelegate.swift */,
				81D95E771FE30CF10062E9C9 /* Assets.xcassets */,
				81D95E791FE30CF10062E9C9 /* LaunchScreen.storyboard */,
			);
			path = "Supporting Files";
			sourceTree = "<group>";
		};
		81D95E9F1FE30D1A0062E9C9 /* View Controllers */ = {
			isa = PBXGroup;
			children = (
				81D95E721FE30CF10062E9C9 /* MoviesViewController.swift */,
				81D95EAB1FE3191E0062E9C9 /* MoviesViewController+Extension.swift */,
				81D95EA91FE3190A0062E9C9 /* MovieTableViewCell.swift */,
				81D95EAD1FE323410062E9C9 /* MoviesCollectionViewCell.swift */,
			);
			path = "View Controllers";
			sourceTree = "<group>";
		};
		81D95EA01FE30D250062E9C9 /* Models */ = {
			isa = PBXGroup;
			children = (
				81D95EA11FE30D6D0062E9C9 /* AppError.swift */,
				81D95EA31FE30DAF0062E9C9 /* NetworkHelper.swift */,
				81D95EA51FE30E800062E9C9 /* Movie.swift */,
				81D95EA71FE3174B0062E9C9 /* MoviesAPIClient.swift */,
			);
			path = Models;
			sourceTree = "<group>";
		};
/* End PBXGroup section */

/* Begin PBXNativeTarget section */
		81D95E6C1FE30CF10062E9C9 /* NYT Movie Reviews */ = {
			isa = PBXNativeTarget;
			buildConfigurationList = 81D95E951FE30CF20062E9C9 /* Build configuration list for PBXNativeTarget "NYT Movie Reviews" */;
			buildPhases = (
				81D95E691FE30CF10062E9C9 /* Sources */,
				81D95E6A1FE30CF10062E9C9 /* Frameworks */,
				81D95E6B1FE30CF10062E9C9 /* Resources */,
			);
			buildRules = (
			);
			dependencies = (
			);
			name = "NYT Movie Reviews";
			productName = "NYT Movie Reviews";
			productReference = 81D95E6D1FE30CF10062E9C9 /* NYT Movie Reviews.app */;
			productType = "com.apple.product-type.application";
		};
		81D95E801FE30CF10062E9C9 /* NYT Movie ReviewsTests */ = {
			isa = PBXNativeTarget;
			buildConfigurationList = 81D95E981FE30CF20062E9C9 /* Build configuration list for PBXNativeTarget "NYT Movie ReviewsTests" */;
			buildPhases = (
				81D95E7D1FE30CF10062E9C9 /* Sources */,
				81D95E7E1FE30CF10062E9C9 /* Frameworks */,
				81D95E7F1FE30CF10062E9C9 /* Resources */,
			);
			buildRules = (
			);
			dependencies = (
				81D95E831FE30CF10062E9C9 /* PBXTargetDependency */,
			);
			name = "NYT Movie ReviewsTests";
			productName = "NYT Movie ReviewsTests";
			productReference = 81D95E811FE30CF10062E9C9 /* NYT Movie ReviewsTests.xctest */;
			productType = "com.apple.product-type.bundle.unit-test";
		};
		81D95E8B1FE30CF10062E9C9 /* NYT Movie ReviewsUITests */ = {
			isa = PBXNativeTarget;
			buildConfigurationList = 81D95E9B1FE30CF20062E9C9 /* Build configuration list for PBXNativeTarget "NYT Movie ReviewsUITests" */;
			buildPhases = (
				81D95E881FE30CF10062E9C9 /* Sources */,
				81D95E891FE30CF10062E9C9 /* Frameworks */,
				81D95E8A1FE30CF10062E9C9 /* Resources */,
			);
			buildRules = (
			);
			dependencies = (
				81D95E8E1FE30CF10062E9C9 /* PBXTargetDependency */,
			);
			name = "NYT Movie ReviewsUITests";
			productName = "NYT Movie ReviewsUITests";
			productReference = 81D95E8C1FE30CF10062E9C9 /* NYT Movie ReviewsUITests.xctest */;
			productType = "com.apple.product-type.bundle.ui-testing";
		};
/* End PBXNativeTarget section */

/* Begin PBXProject section */
		81D95E651FE30CF10062E9C9 /* Project object */ = {
			isa = PBXProject;
			attributes = {
				LastSwiftUpdateCheck = 0910;
				LastUpgradeCheck = 0910;
				ORGANIZATIONNAME = C4Q;
				TargetAttributes = {
					81D95E6C1FE30CF10062E9C9 = {
						CreatedOnToolsVersion = 9.1;
						ProvisioningStyle = Automatic;
					};
					81D95E801FE30CF10062E9C9 = {
						CreatedOnToolsVersion = 9.1;
						ProvisioningStyle = Automatic;
						TestTargetID = 81D95E6C1FE30CF10062E9C9;
					};
					81D95E8B1FE30CF10062E9C9 = {
						CreatedOnToolsVersion = 9.1;
						ProvisioningStyle = Automatic;
						TestTargetID = 81D95E6C1FE30CF10062E9C9;
					};
				};
			};
			buildConfigurationList = 81D95E681FE30CF10062E9C9 /* Build configuration list for PBXProject "NYT Movie Reviews" */;
			compatibilityVersion = "Xcode 8.0";
			developmentRegion = en;
			hasScannedForEncodings = 0;
			knownRegions = (
				en,
				Base,
			);
			mainGroup = 81D95E641FE30CF10062E9C9;
			productRefGroup = 81D95E6E1FE30CF10062E9C9 /* Products */;
			projectDirPath = "";
			projectRoot = "";
			targets = (
				81D95E6C1FE30CF10062E9C9 /* NYT Movie Reviews */,
				81D95E801FE30CF10062E9C9 /* NYT Movie ReviewsTests */,
				81D95E8B1FE30CF10062E9C9 /* NYT Movie ReviewsUITests */,
			);
		};
/* End PBXProject section */

/* Begin PBXResourcesBuildPhase section */
		81D95E6B1FE30CF10062E9C9 /* Resources */ = {
			isa = PBXResourcesBuildPhase;
			buildActionMask = 2147483647;
			files = (
				81D95E7B1FE30CF10062E9C9 /* LaunchScreen.storyboard in Resources */,
				81D95E781FE30CF10062E9C9 /* Assets.xcassets in Resources */,
				81D95E761FE30CF10062E9C9 /* Main.storyboard in Resources */,
			);
			runOnlyForDeploymentPostprocessing = 0;
		};
		81D95E7F1FE30CF10062E9C9 /* Resources */ = {
			isa = PBXResourcesBuildPhase;
			buildActionMask = 2147483647;
			files = (
			);
			runOnlyForDeploymentPostprocessing = 0;
		};
		81D95E8A1FE30CF10062E9C9 /* Resources */ = {
			isa = PBXResourcesBuildPhase;
			buildActionMask = 2147483647;
			files = (
			);
			runOnlyForDeploymentPostprocessing = 0;
		};
/* End PBXResourcesBuildPhase section */

/* Begin PBXSourcesBuildPhase section */
		81D95E691FE30CF10062E9C9 /* Sources */ = {
			isa = PBXSourcesBuildPhase;
			buildActionMask = 2147483647;
			files = (
				81D95EAE1FE323410062E9C9 /* MoviesCollectionViewCell.swift in Sources */,
				81D95EA41FE30DAF0062E9C9 /* NetworkHelper.swift in Sources */,
				81D95EAC1FE3191E0062E9C9 /* MoviesViewController+Extension.swift in Sources */,
				81D95E731FE30CF10062E9C9 /* MoviesViewController.swift in Sources */,
				81D95EAA1FE3190A0062E9C9 /* MovieTableViewCell.swift in Sources */,
				81D95EA81FE3174B0062E9C9 /* MoviesAPIClient.swift in Sources */,
				81D95E711FE30CF10062E9C9 /* AppDelegate.swift in Sources */,
				81D95EA21FE30D6D0062E9C9 /* AppError.swift in Sources */,
				81D95EA61FE30E800062E9C9 /* Movie.swift in Sources */,
			);
			runOnlyForDeploymentPostprocessing = 0;
		};
		81D95E7D1FE30CF10062E9C9 /* Sources */ = {
			isa = PBXSourcesBuildPhase;
			buildActionMask = 2147483647;
			files = (
				81D95E861FE30CF10062E9C9 /* NYT_Movie_ReviewsTests.swift in Sources */,
			);
			runOnlyForDeploymentPostprocessing = 0;
		};
		81D95E881FE30CF10062E9C9 /* Sources */ = {
			isa = PBXSourcesBuildPhase;
			buildActionMask = 2147483647;
			files = (
				81D95E911FE30CF10062E9C9 /* NYT_Movie_ReviewsUITests.swift in Sources */,
			);
			runOnlyForDeploymentPostprocessing = 0;
		};
/* End PBXSourcesBuildPhase section */

/* Begin PBXTargetDependency section */
		81D95E831FE30CF10062E9C9 /* PBXTargetDependency */ = {
			isa = PBXTargetDependency;
			target = 81D95E6C1FE30CF10062E9C9 /* NYT Movie Reviews */;
			targetProxy = 81D95E821FE30CF10062E9C9 /* PBXContainerItemProxy */;
		};
		81D95E8E1FE30CF10062E9C9 /* PBXTargetDependency */ = {
			isa = PBXTargetDependency;
			target = 81D95E6C1FE30CF10062E9C9 /* NYT Movie Reviews */;
			targetProxy = 81D95E8D1FE30CF10062E9C9 /* PBXContainerItemProxy */;
		};
/* End PBXTargetDependency section */

/* Begin PBXVariantGroup section */
		81D95E741FE30CF10062E9C9 /* Main.storyboard */ = {
			isa = PBXVariantGroup;
			children = (
				81D95E751FE30CF10062E9C9 /* Base */,
			);
			name = Main.storyboard;
			sourceTree = "<group>";
		};
		81D95E791FE30CF10062E9C9 /* LaunchScreen.storyboard */ = {
			isa = PBXVariantGroup;
			children = (
				81D95E7A1FE30CF10062E9C9 /* Base */,
			);
			name = LaunchScreen.storyboard;
			sourceTree = "<group>";
		};
/* End PBXVariantGroup section */

/* Begin XCBuildConfiguration section */
		81D95E931FE30CF20062E9C9 /* Debug */ = {
			isa = XCBuildConfiguration;
			buildSettings = {
				ALWAYS_SEARCH_USER_PATHS = NO;
				CLANG_ANALYZER_NONNULL = YES;
				CLANG_ANALYZER_NUMBER_OBJECT_CONVERSION = YES_AGGRESSIVE;
				CLANG_CXX_LANGUAGE_STANDARD = "gnu++14";
				CLANG_CXX_LIBRARY = "libc++";
				CLANG_ENABLE_MODULES = YES;
				CLANG_ENABLE_OBJC_ARC = YES;
				CLANG_WARN_BLOCK_CAPTURE_AUTORELEASING = YES;
				CLANG_WARN_BOOL_CONVERSION = YES;
				CLANG_WARN_COMMA = YES;
				CLANG_WARN_CONSTANT_CONVERSION = YES;
				CLANG_WARN_DIRECT_OBJC_ISA_USAGE = YES_ERROR;
				CLANG_WARN_DOCUMENTATION_COMMENTS = YES;
				CLANG_WARN_EMPTY_BODY = YES;
				CLANG_WARN_ENUM_CONVERSION = YES;
				CLANG_WARN_INFINITE_RECURSION = YES;
				CLANG_WARN_INT_CONVERSION = YES;
				CLANG_WARN_NON_LITERAL_NULL_CONVERSION = YES;
				CLANG_WARN_OBJC_LITERAL_CONVERSION = YES;
				CLANG_WARN_OBJC_ROOT_CLASS = YES_ERROR;
				CLANG_WARN_RANGE_LOOP_ANALYSIS = YES;
				CLANG_WARN_STRICT_PROTOTYPES = YES;
				CLANG_WARN_SUSPICIOUS_MOVE = YES;
				CLANG_WARN_UNGUARDED_AVAILABILITY = YES_AGGRESSIVE;
				CLANG_WARN_UNREACHABLE_CODE = YES;
				CLANG_WARN__DUPLICATE_METHOD_MATCH = YES;
				CODE_SIGN_IDENTITY = "iPhone Developer";
				COPY_PHASE_STRIP = NO;
				DEBUG_INFORMATION_FORMAT = dwarf;
				ENABLE_STRICT_OBJC_MSGSEND = YES;
				ENABLE_TESTABILITY = YES;
				GCC_C_LANGUAGE_STANDARD = gnu11;
				GCC_DYNAMIC_NO_PIC = NO;
				GCC_NO_COMMON_BLOCKS = YES;
				GCC_OPTIMIZATION_LEVEL = 0;
				GCC_PREPROCESSOR_DEFINITIONS = (
					"DEBUG=1",
					"$(inherited)",
				);
				GCC_WARN_64_TO_32_BIT_CONVERSION = YES;
				GCC_WARN_ABOUT_RETURN_TYPE = YES_ERROR;
				GCC_WARN_UNDECLARED_SELECTOR = YES;
				GCC_WARN_UNINITIALIZED_AUTOS = YES_AGGRESSIVE;
				GCC_WARN_UNUSED_FUNCTION = YES;
				GCC_WARN_UNUSED_VARIABLE = YES;
				IPHONEOS_DEPLOYMENT_TARGET = 11.1;
				MTL_ENABLE_DEBUG_INFO = YES;
				ONLY_ACTIVE_ARCH = YES;
				SDKROOT = iphoneos;
				SWIFT_ACTIVE_COMPILATION_CONDITIONS = DEBUG;
				SWIFT_OPTIMIZATION_LEVEL = "-Onone";
			};
			name = Debug;
		};
		81D95E941FE30CF20062E9C9 /* Release */ = {
			isa = XCBuildConfiguration;
			buildSettings = {
				ALWAYS_SEARCH_USER_PATHS = NO;
				CLANG_ANALYZER_NONNULL = YES;
				CLANG_ANALYZER_NUMBER_OBJECT_CONVERSION = YES_AGGRESSIVE;
				CLANG_CXX_LANGUAGE_STANDARD = "gnu++14";
				CLANG_CXX_LIBRARY = "libc++";
				CLANG_ENABLE_MODULES = YES;
				CLANG_ENABLE_OBJC_ARC = YES;
				CLANG_WARN_BLOCK_CAPTURE_AUTORELEASING = YES;
				CLANG_WARN_BOOL_CONVERSION = YES;
				CLANG_WARN_COMMA = YES;
				CLANG_WARN_CONSTANT_CONVERSION = YES;
				CLANG_WARN_DIRECT_OBJC_ISA_USAGE = YES_ERROR;
				CLANG_WARN_DOCUMENTATION_COMMENTS = YES;
				CLANG_WARN_EMPTY_BODY = YES;
				CLANG_WARN_ENUM_CONVERSION = YES;
				CLANG_WARN_INFINITE_RECURSION = YES;
				CLANG_WARN_INT_CONVERSION = YES;
				CLANG_WARN_NON_LITERAL_NULL_CONVERSION = YES;
				CLANG_WARN_OBJC_LITERAL_CONVERSION = YES;
				CLANG_WARN_OBJC_ROOT_CLASS = YES_ERROR;
				CLANG_WARN_RANGE_LOOP_ANALYSIS = YES;
				CLANG_WARN_STRICT_PROTOTYPES = YES;
				CLANG_WARN_SUSPICIOUS_MOVE = YES;
				CLANG_WARN_UNGUARDED_AVAILABILITY = YES_AGGRESSIVE;
				CLANG_WARN_UNREACHABLE_CODE = YES;
				CLANG_WARN__DUPLICATE_METHOD_MATCH = YES;
				CODE_SIGN_IDENTITY = "iPhone Developer";
				COPY_PHASE_STRIP = NO;
				DEBUG_INFORMATION_FORMAT = "dwarf-with-dsym";
				ENABLE_NS_ASSERTIONS = NO;
				ENABLE_STRICT_OBJC_MSGSEND = YES;
				GCC_C_LANGUAGE_STANDARD = gnu11;
				GCC_NO_COMMON_BLOCKS = YES;
				GCC_WARN_64_TO_32_BIT_CONVERSION = YES;
				GCC_WARN_ABOUT_RETURN_TYPE = YES_ERROR;
				GCC_WARN_UNDECLARED_SELECTOR = YES;
				GCC_WARN_UNINITIALIZED_AUTOS = YES_AGGRESSIVE;
				GCC_WARN_UNUSED_FUNCTION = YES;
				GCC_WARN_UNUSED_VARIABLE = YES;
				IPHONEOS_DEPLOYMENT_TARGET = 11.1;
				MTL_ENABLE_DEBUG_INFO = NO;
				SDKROOT = iphoneos;
				SWIFT_OPTIMIZATION_LEVEL = "-Owholemodule";
				VALIDATE_PRODUCT = YES;
			};
			name = Release;
		};
		81D95E961FE30CF20062E9C9 /* Debug */ = {
			isa = XCBuildConfiguration;
			buildSettings = {
				ASSETCATALOG_COMPILER_APPICON_NAME = AppIcon;
				CODE_SIGN_STYLE = Automatic;
				INFOPLIST_FILE = "NYT Movie Reviews/Info.plist";
				LD_RUNPATH_SEARCH_PATHS = "$(inherited) @executable_path/Frameworks";
				PRODUCT_BUNDLE_IDENTIFIER = "ac.c4q.nyc.NYT-Movie-Reviews";
				PRODUCT_NAME = "$(TARGET_NAME)";
				SWIFT_VERSION = 4.0;
				TARGETED_DEVICE_FAMILY = "1,2";
			};
			name = Debug;
		};
		81D95E971FE30CF20062E9C9 /* Release */ = {
			isa = XCBuildConfiguration;
			buildSettings = {
				ASSETCATALOG_COMPILER_APPICON_NAME = AppIcon;
				CODE_SIGN_STYLE = Automatic;
				INFOPLIST_FILE = "NYT Movie Reviews/Info.plist";
				LD_RUNPATH_SEARCH_PATHS = "$(inherited) @executable_path/Frameworks";
				PRODUCT_BUNDLE_IDENTIFIER = "ac.c4q.nyc.NYT-Movie-Reviews";
				PRODUCT_NAME = "$(TARGET_NAME)";
				SWIFT_VERSION = 4.0;
				TARGETED_DEVICE_FAMILY = "1,2";
			};
			name = Release;
		};
		81D95E991FE30CF20062E9C9 /* Debug */ = {
			isa = XCBuildConfiguration;
			buildSettings = {
				ALWAYS_EMBED_SWIFT_STANDARD_LIBRARIES = YES;
				BUNDLE_LOADER = "$(TEST_HOST)";
				CODE_SIGN_STYLE = Automatic;
				INFOPLIST_FILE = "NYT Movie ReviewsTests/Info.plist";
				LD_RUNPATH_SEARCH_PATHS = "$(inherited) @executable_path/Frameworks @loader_path/Frameworks";
				PRODUCT_BUNDLE_IDENTIFIER = "ac.c4q.nyc.NYT-Movie-ReviewsTests";
				PRODUCT_NAME = "$(TARGET_NAME)";
				SWIFT_VERSION = 4.0;
				TARGETED_DEVICE_FAMILY = "1,2";
				TEST_HOST = "$(BUILT_PRODUCTS_DIR)/NYT Movie Reviews.app/NYT Movie Reviews";
			};
			name = Debug;
		};
		81D95E9A1FE30CF20062E9C9 /* Release */ = {
			isa = XCBuildConfiguration;
			buildSettings = {
				ALWAYS_EMBED_SWIFT_STANDARD_LIBRARIES = YES;
				BUNDLE_LOADER = "$(TEST_HOST)";
				CODE_SIGN_STYLE = Automatic;
				INFOPLIST_FILE = "NYT Movie ReviewsTests/Info.plist";
				LD_RUNPATH_SEARCH_PATHS = "$(inherited) @executable_path/Frameworks @loader_path/Frameworks";
				PRODUCT_BUNDLE_IDENTIFIER = "ac.c4q.nyc.NYT-Movie-ReviewsTests";
				PRODUCT_NAME = "$(TARGET_NAME)";
				SWIFT_VERSION = 4.0;
				TARGETED_DEVICE_FAMILY = "1,2";
				TEST_HOST = "$(BUILT_PRODUCTS_DIR)/NYT Movie Reviews.app/NYT Movie Reviews";
			};
			name = Release;
		};
		81D95E9C1FE30CF20062E9C9 /* Debug */ = {
			isa = XCBuildConfiguration;
			buildSettings = {
				ALWAYS_EMBED_SWIFT_STANDARD_LIBRARIES = YES;
				CODE_SIGN_STYLE = Automatic;
				INFOPLIST_FILE = "NYT Movie ReviewsUITests/Info.plist";
				LD_RUNPATH_SEARCH_PATHS = "$(inherited) @executable_path/Frameworks @loader_path/Frameworks";
				PRODUCT_BUNDLE_IDENTIFIER = "ac.c4q.nyc.NYT-Movie-ReviewsUITests";
				PRODUCT_NAME = "$(TARGET_NAME)";
				SWIFT_VERSION = 4.0;
				TARGETED_DEVICE_FAMILY = "1,2";
				TEST_TARGET_NAME = "NYT Movie Reviews";
			};
			name = Debug;
		};
		81D95E9D1FE30CF20062E9C9 /* Release */ = {
			isa = XCBuildConfiguration;
			buildSettings = {
				ALWAYS_EMBED_SWIFT_STANDARD_LIBRARIES = YES;
				CODE_SIGN_STYLE = Automatic;
				INFOPLIST_FILE = "NYT Movie ReviewsUITests/Info.plist";
				LD_RUNPATH_SEARCH_PATHS = "$(inherited) @executable_path/Frameworks @loader_path/Frameworks";
				PRODUCT_BUNDLE_IDENTIFIER = "ac.c4q.nyc.NYT-Movie-ReviewsUITests";
				PRODUCT_NAME = "$(TARGET_NAME)";
				SWIFT_VERSION = 4.0;
				TARGETED_DEVICE_FAMILY = "1,2";
				TEST_TARGET_NAME = "NYT Movie Reviews";
			};
			name = Release;
		};
/* End XCBuildConfiguration section */

/* Begin XCConfigurationList section */
		81D95E681FE30CF10062E9C9 /* Build configuration list for PBXProject "NYT Movie Reviews" */ = {
			isa = XCConfigurationList;
			buildConfigurations = (
				81D95E931FE30CF20062E9C9 /* Debug */,
				81D95E941FE30CF20062E9C9 /* Release */,
			);
			defaultConfigurationIsVisible = 0;
			defaultConfigurationName = Release;
		};
		81D95E951FE30CF20062E9C9 /* Build configuration list for PBXNativeTarget "NYT Movie Reviews" */ = {
			isa = XCConfigurationList;
			buildConfigurations = (
				81D95E961FE30CF20062E9C9 /* Debug */,
				81D95E971FE30CF20062E9C9 /* Release */,
			);
			defaultConfigurationIsVisible = 0;
			defaultConfigurationName = Release;
		};
		81D95E981FE30CF20062E9C9 /* Build configuration list for PBXNativeTarget "NYT Movie ReviewsTests" */ = {
			isa = XCConfigurationList;
			buildConfigurations = (
				81D95E991FE30CF20062E9C9 /* Debug */,
				81D95E9A1FE30CF20062E9C9 /* Release */,
			);
			defaultConfigurationIsVisible = 0;
			defaultConfigurationName = Release;
		};
		81D95E9B1FE30CF20062E9C9 /* Build configuration list for PBXNativeTarget "NYT Movie ReviewsUITests" */ = {
			isa = XCConfigurationList;
			buildConfigurations = (
				81D95E9C1FE30CF20062E9C9 /* Debug */,
				81D95E9D1FE30CF20062E9C9 /* Release */,
			);
			defaultConfigurationIsVisible = 0;
			defaultConfigurationName = Release;
		};
/* End XCConfigurationList section */
	};
	rootObject = 81D95E651FE30CF10062E9C9 /* Project object */;
}
